
Microsoft Visual Studio Solution File, Format Version 12.00
# Visual Studio Version 17
VisualStudioVersion = 17.8.34309.116
MinimumVisualStudioVersion = 10.0.40219.1
Project("{FAE04EC0-301F-11D3-BF4B-00C04F79EFBC}") = "EnhanceMultisequenceLearning", "EnhanceMultisequenceLearning.csproj", "{800FAFA8-3A64-484A-8359-811641810A2B}"
EndProject
Global
	GlobalSection(SolutionConfigurationPlatforms) = preSolution
		Debug|Any CPU = Debug|Any CPU
		Release|Any CPU = Release|Any CPU
	EndGlobalSection
	GlobalSection(ProjectConfigurationPlatforms) = postSolution
		{800FAFA8-3A64-484A-8359-811641810A2B}.Debug|Any CPU.ActiveCfg = Debug|Any CPU
		{800FAFA8-3A64-484A-8359-811641810A2B}.Debug|Any CPU.Build.0 = Debug|Any CPU
		{800FAFA8-3A64-484A-8359-811641810A2B}.Release|Any CPU.ActiveCfg = Release|Any CPU
		{800FAFA8-3A64-484A-8359-811641810A2B}.Release|Any CPU.Build.0 = Release|Any CPU
	EndGlobalSection
	GlobalSection(SolutionProperties) = preSolution
		HideSolutionNode = FALSE
	EndGlobalSection
	GlobalSection(ExtensibilityGlobals) = postSolution
		SolutionGuid = {06BF6F59-24C9-47CF-8A0F-32F998B34A0D}
	EndGlobalSection
EndGlobal
